// !$*UTF8*$!
{
	archiveVersion = 1;
	classes = {
	};
	objectVersion = 56;
	objects = {

/* Begin PBXBuildFile section */
		C01351CD2AB3F60F004F1576 /* UsersInteractor.swift in Sources */ = {isa = PBXBuildFile; fileRef = C01351CC2AB3F60F004F1576 /* UsersInteractor.swift */; };
		C01351CF2AB3F6D4004F1576 /* User.swift in Sources */ = {isa = PBXBuildFile; fileRef = C01351CE2AB3F6D4004F1576 /* User.swift */; };
		C01351D32AB3F877004F1576 /* Session.swift in Sources */ = {isa = PBXBuildFile; fileRef = C01351D22AB3F877004F1576 /* Session.swift */; };
		C01351D52AB3FBDE004F1576 /* UserDefaultsSession.swift in Sources */ = {isa = PBXBuildFile; fileRef = C01351D42AB3FBDE004F1576 /* UserDefaultsSession.swift */; };
		C01351D72AB3FC1B004F1576 /* Extension+UserDefaults.swift in Sources */ = {isa = PBXBuildFile; fileRef = C01351D62AB3FC1B004F1576 /* Extension+UserDefaults.swift */; };
		C01351D92AB3FCC3004F1576 /* UserViewModel.swift in Sources */ = {isa = PBXBuildFile; fileRef = C01351D82AB3FCC3004F1576 /* UserViewModel.swift */; };
		C015ACF82AAAB99E00A791D6 /* ViperAppApp.swift in Sources */ = {isa = PBXBuildFile; fileRef = C015ACF72AAAB99E00A791D6 /* ViperAppApp.swift */; };
		C015ACFA2AAAB99E00A791D6 /* ContentView.swift in Sources */ = {isa = PBXBuildFile; fileRef = C015ACF92AAAB99E00A791D6 /* ContentView.swift */; };
		C015ACFC2AAAB99F00A791D6 /* Assets.xcassets in Resources */ = {isa = PBXBuildFile; fileRef = C015ACFB2AAAB99F00A791D6 /* Assets.xcassets */; };
		C015ACFF2AAAB99F00A791D6 /* Preview Assets.xcassets in Resources */ = {isa = PBXBuildFile; fileRef = C015ACFE2AAAB99F00A791D6 /* Preview Assets.xcassets */; };
		C015AD092AAAB99F00A791D6 /* ViperAppTests.swift in Sources */ = {isa = PBXBuildFile; fileRef = C015AD082AAAB99F00A791D6 /* ViperAppTests.swift */; };
		C015AD132AAAB99F00A791D6 /* ViperAppUITests.swift in Sources */ = {isa = PBXBuildFile; fileRef = C015AD122AAAB99F00A791D6 /* ViperAppUITests.swift */; };
		C015AD152AAAB99F00A791D6 /* ViperAppUITestsLaunchTests.swift in Sources */ = {isa = PBXBuildFile; fileRef = C015AD142AAAB99F00A791D6 /* ViperAppUITestsLaunchTests.swift */; };
/* End PBXBuildFile section */

/* Begin PBXContainerItemProxy section */
		C015AD052AAAB99F00A791D6 /* PBXContainerItemProxy */ = {
			isa = PBXContainerItemProxy;
			containerPortal = C015ACEC2AAAB99E00A791D6 /* Project object */;
			proxyType = 1;
			remoteGlobalIDString = C015ACF32AAAB99E00A791D6;
			remoteInfo = ViperApp;
		};
		C015AD0F2AAAB99F00A791D6 /* PBXContainerItemProxy */ = {
			isa = PBXContainerItemProxy;
			containerPortal = C015ACEC2AAAB99E00A791D6 /* Project object */;
			proxyType = 1;
			remoteGlobalIDString = C015ACF32AAAB99E00A791D6;
			remoteInfo = ViperApp;
		};
/* End PBXContainerItemProxy section */

/* Begin PBXFileReference section */
		C01351CC2AB3F60F004F1576 /* UsersInteractor.swift */ = {isa = PBXFileReference; lastKnownFileType = sourcecode.swift; path = UsersInteractor.swift; sourceTree = "<group>"; };
		C01351CE2AB3F6D4004F1576 /* User.swift */ = {isa = PBXFileReference; lastKnownFileType = sourcecode.swift; path = User.swift; sourceTree = "<group>"; };
		C01351D22AB3F877004F1576 /* Session.swift */ = {isa = PBXFileReference; lastKnownFileType = sourcecode.swift; path = Session.swift; sourceTree = "<group>"; };
		C01351D42AB3FBDE004F1576 /* UserDefaultsSession.swift */ = {isa = PBXFileReference; lastKnownFileType = sourcecode.swift; path = UserDefaultsSession.swift; sourceTree = "<group>"; };
		C01351D62AB3FC1B004F1576 /* Extension+UserDefaults.swift */ = {isa = PBXFileReference; lastKnownFileType = sourcecode.swift; path = "Extension+UserDefaults.swift"; sourceTree = "<group>"; };
		C01351D82AB3FCC3004F1576 /* UserViewModel.swift */ = {isa = PBXFileReference; lastKnownFileType = sourcecode.swift; path = UserViewModel.swift; sourceTree = "<group>"; };
		C015ACF42AAAB99E00A791D6 /* ViperApp.app */ = {isa = PBXFileReference; explicitFileType = wrapper.application; includeInIndex = 0; path = ViperApp.app; sourceTree = BUILT_PRODUCTS_DIR; };
		C015ACF72AAAB99E00A791D6 /* ViperAppApp.swift */ = {isa = PBXFileReference; lastKnownFileType = sourcecode.swift; path = ViperAppApp.swift; sourceTree = "<group>"; };
		C015ACF92AAAB99E00A791D6 /* ContentView.swift */ = {isa = PBXFileReference; lastKnownFileType = sourcecode.swift; path = ContentView.swift; sourceTree = "<group>"; };
		C015ACFB2AAAB99F00A791D6 /* Assets.xcassets */ = {isa = PBXFileReference; lastKnownFileType = folder.assetcatalog; path = Assets.xcassets; sourceTree = "<group>"; };
		C015ACFE2AAAB99F00A791D6 /* Preview Assets.xcassets */ = {isa = PBXFileReference; lastKnownFileType = folder.assetcatalog; path = "Preview Assets.xcassets"; sourceTree = "<group>"; };
		C015AD042AAAB99F00A791D6 /* ViperAppTests.xctest */ = {isa = PBXFileReference; explicitFileType = wrapper.cfbundle; includeInIndex = 0; path = ViperAppTests.xctest; sourceTree = BUILT_PRODUCTS_DIR; };
		C015AD082AAAB99F00A791D6 /* ViperAppTests.swift */ = {isa = PBXFileReference; lastKnownFileType = sourcecode.swift; path = ViperAppTests.swift; sourceTree = "<group>"; };
		C015AD0E2AAAB99F00A791D6 /* ViperAppUITests.xctest */ = {isa = PBXFileReference; explicitFileType = wrapper.cfbundle; includeInIndex = 0; path = ViperAppUITests.xctest; sourceTree = BUILT_PRODUCTS_DIR; };
		C015AD122AAAB99F00A791D6 /* ViperAppUITests.swift */ = {isa = PBXFileReference; lastKnownFileType = sourcecode.swift; path = ViperAppUITests.swift; sourceTree = "<group>"; };
		C015AD142AAAB99F00A791D6 /* ViperAppUITestsLaunchTests.swift */ = {isa = PBXFileReference; lastKnownFileType = sourcecode.swift; path = ViperAppUITestsLaunchTests.swift; sourceTree = "<group>"; };
/* End PBXFileReference section */

/* Begin PBXFrameworksBuildPhase section */
		C015ACF12AAAB99E00A791D6 /* Frameworks */ = {
			isa = PBXFrameworksBuildPhase;
			buildActionMask = 2147483647;
			files = (
			);
			runOnlyForDeploymentPostprocessing = 0;
		};
		C015AD012AAAB99F00A791D6 /* Frameworks */ = {
			isa = PBXFrameworksBuildPhase;
			buildActionMask = 2147483647;
			files = (
			);
			runOnlyForDeploymentPostprocessing = 0;
		};
		C015AD0B2AAAB99F00A791D6 /* Frameworks */ = {
			isa = PBXFrameworksBuildPhase;
			buildActionMask = 2147483647;
			files = (
			);
			runOnlyForDeploymentPostprocessing = 0;
		};
/* End PBXFrameworksBuildPhase section */

/* Begin PBXGroup section */
		C015ACEB2AAAB99E00A791D6 = {
			isa = PBXGroup;
			children = (
				C015ACF62AAAB99E00A791D6 /* ViperApp */,
				C015AD072AAAB99F00A791D6 /* ViperAppTests */,
				C015AD112AAAB99F00A791D6 /* ViperAppUITests */,
				C015ACF52AAAB99E00A791D6 /* Products */,
			);
			sourceTree = "<group>";
		};
		C015ACF52AAAB99E00A791D6 /* Products */ = {
			isa = PBXGroup;
			children = (
				C015ACF42AAAB99E00A791D6 /* ViperApp.app */,
				C015AD042AAAB99F00A791D6 /* ViperAppTests.xctest */,
				C015AD0E2AAAB99F00A791D6 /* ViperAppUITests.xctest */,
			);
			name = Products;
			sourceTree = "<group>";
		};
		C015ACF62AAAB99E00A791D6 /* ViperApp */ = {
			isa = PBXGroup;
			children = (
				C015ACF72AAAB99E00A791D6 /* ViperAppApp.swift */,
				C015ACF92AAAB99E00A791D6 /* ContentView.swift */,
				C015ACFB2AAAB99F00A791D6 /* Assets.xcassets */,
				C015ACFD2AAAB99F00A791D6 /* Preview Content */,
				C01351CC2AB3F60F004F1576 /* UsersInteractor.swift */,
				C01351CE2AB3F6D4004F1576 /* User.swift */,
				C01351D22AB3F877004F1576 /* Session.swift */,
				C01351D42AB3FBDE004F1576 /* UserDefaultsSession.swift */,
				C01351D62AB3FC1B004F1576 /* Extension+UserDefaults.swift */,
				C01351D82AB3FCC3004F1576 /* UserViewModel.swift */,
			);
			path = ViperApp;
			sourceTree = "<group>";
		};
		C015ACFD2AAAB99F00A791D6 /* Preview Content */ = {
			isa = PBXGroup;
			children = (
				C015ACFE2AAAB99F00A791D6 /* Preview Assets.xcassets */,
			);
			path = "Preview Content";
			sourceTree = "<group>";
		};
		C015AD072AAAB99F00A791D6 /* ViperAppTests */ = {
			isa = PBXGroup;
			children = (
				C015AD082AAAB99F00A791D6 /* ViperAppTests.swift */,
			);
			path = ViperAppTests;
			sourceTree = "<group>";
		};
		C015AD112AAAB99F00A791D6 /* ViperAppUITests */ = {
			isa = PBXGroup;
			children = (
				C015AD122AAAB99F00A791D6 /* ViperAppUITests.swift */,
				C015AD142AAAB99F00A791D6 /* ViperAppUITestsLaunchTests.swift */,
			);
			path = ViperAppUITests;
			sourceTree = "<group>";
		};
/* End PBXGroup section */

/* Begin PBXNativeTarget section */
		C015ACF32AAAB99E00A791D6 /* ViperApp */ = {
			isa = PBXNativeTarget;
			buildConfigurationList = C015AD182AAAB99F00A791D6 /* Build configuration list for PBXNativeTarget "ViperApp" */;
			buildPhases = (
				C015ACF02AAAB99E00A791D6 /* Sources */,
				C015ACF12AAAB99E00A791D6 /* Frameworks */,
				C015ACF22AAAB99E00A791D6 /* Resources */,
			);
			buildRules = (
			);
			dependencies = (
			);
			name = ViperApp;
			productName = ViperApp;
			productReference = C015ACF42AAAB99E00A791D6 /* ViperApp.app */;
			productType = "com.apple.product-type.application";
		};
		C015AD032AAAB99F00A791D6 /* ViperAppTests */ = {
			isa = PBXNativeTarget;
			buildConfigurationList = C015AD1B2AAAB99F00A791D6 /* Build configuration list for PBXNativeTarget "ViperAppTests" */;
			buildPhases = (
				C015AD002AAAB99F00A791D6 /* Sources */,
				C015AD012AAAB99F00A791D6 /* Frameworks */,
				C015AD022AAAB99F00A791D6 /* Resources */,
			);
			buildRules = (
			);
			dependencies = (
				C015AD062AAAB99F00A791D6 /* PBXTargetDependency */,
			);
			name = ViperAppTests;
			productName = ViperAppTests;
			productReference = C015AD042AAAB99F00A791D6 /* ViperAppTests.xctest */;
			productType = "com.apple.product-type.bundle.unit-test";
		};
		C015AD0D2AAAB99F00A791D6 /* ViperAppUITests */ = {
			isa = PBXNativeTarget;
			buildConfigurationList = C015AD1E2AAAB99F00A791D6 /* Build configuration list for PBXNativeTarget "ViperAppUITests" */;
			buildPhases = (
				C015AD0A2AAAB99F00A791D6 /* Sources */,
				C015AD0B2AAAB99F00A791D6 /* Frameworks */,
				C015AD0C2AAAB99F00A791D6 /* Resources */,
			);
			buildRules = (
			);
			dependencies = (
				C015AD102AAAB99F00A791D6 /* PBXTargetDependency */,
			);
			name = ViperAppUITests;
			productName = ViperAppUITests;
			productReference = C015AD0E2AAAB99F00A791D6 /* ViperAppUITests.xctest */;
			productType = "com.apple.product-type.bundle.ui-testing";
		};
/* End PBXNativeTarget section */

/* Begin PBXProject section */
		C015ACEC2AAAB99E00A791D6 /* Project object */ = {
			isa = PBXProject;
			attributes = {
				BuildIndependentTargetsInParallel = 1;
				LastSwiftUpdateCheck = 1430;
				LastUpgradeCheck = 1430;
				TargetAttributes = {
					C015ACF32AAAB99E00A791D6 = {
						CreatedOnToolsVersion = 14.3;
					};
					C015AD032AAAB99F00A791D6 = {
						CreatedOnToolsVersion = 14.3;
						TestTargetID = C015ACF32AAAB99E00A791D6;
					};
					C015AD0D2AAAB99F00A791D6 = {
						CreatedOnToolsVersion = 14.3;
						TestTargetID = C015ACF32AAAB99E00A791D6;
					};
				};
			};
			buildConfigurationList = C015ACEF2AAAB99E00A791D6 /* Build configuration list for PBXProject "ViperApp" */;
			compatibilityVersion = "Xcode 14.0";
			developmentRegion = en;
			hasScannedForEncodings = 0;
			knownRegions = (
				en,
				Base,
			);
			mainGroup = C015ACEB2AAAB99E00A791D6;
			productRefGroup = C015ACF52AAAB99E00A791D6 /* Products */;
			projectDirPath = "";
			projectRoot = "";
			targets = (
				C015ACF32AAAB99E00A791D6 /* ViperApp */,
				C015AD032AAAB99F00A791D6 /* ViperAppTests */,
				C015AD0D2AAAB99F00A791D6 /* ViperAppUITests */,
			);
		};
/* End PBXProject section */

/* Begin PBXResourcesBuildPhase section */
		C015ACF22AAAB99E00A791D6 /* Resources */ = {
			isa = PBXResourcesBuildPhase;
			buildActionMask = 2147483647;
			files = (
				C015ACFF2AAAB99F00A791D6 /* Preview Assets.xcassets in Resources */,
				C015ACFC2AAAB99F00A791D6 /* Assets.xcassets in Resources */,
			);
			runOnlyForDeploymentPostprocessing = 0;
		};
		C015AD022AAAB99F00A791D6 /* Resources */ = {
			isa = PBXResourcesBuildPhase;
			buildActionMask = 2147483647;
			files = (
			);
			runOnlyForDeploymentPostprocessing = 0;
		};
		C015AD0C2AAAB99F00A791D6 /* Resources */ = {
			isa = PBXResourcesBuildPhase;
			buildActionMask = 2147483647;
			files = (
			);
			runOnlyForDeploymentPostprocessing = 0;
		};
/* End PBXResourcesBuildPhase section */

/* Begin PBXSourcesBuildPhase section */
		C015ACF02AAAB99E00A791D6 /* Sources */ = {
			isa = PBXSourcesBuildPhase;
			buildActionMask = 2147483647;
			files = (
				C01351D32AB3F877004F1576 /* Session.swift in Sources */,
				C01351D92AB3FCC3004F1576 /* UserViewModel.swift in Sources */,
				C01351CF2AB3F6D4004F1576 /* User.swift in Sources */,
				C015ACFA2AAAB99E00A791D6 /* ContentView.swift in Sources */,
				C01351CD2AB3F60F004F1576 /* UsersInteractor.swift in Sources */,
				C015ACF82AAAB99E00A791D6 /* ViperAppApp.swift in Sources */,
				C01351D52AB3FBDE004F1576 /* UserDefaultsSession.swift in Sources */,
				C01351D72AB3FC1B004F1576 /* Extension+UserDefaults.swift in Sources */,
			);
			runOnlyForDeploymentPostprocessing = 0;
		};
		C015AD002AAAB99F00A791D6 /* Sources */ = {
			isa = PBXSourcesBuildPhase;
			buildActionMask = 2147483647;
			files = (
				C015AD092AAAB99F00A791D6 /* ViperAppTests.swift in Sources */,
			);
			runOnlyForDeploymentPostprocessing = 0;
		};
		C015AD0A2AAAB99F00A791D6 /* Sources */ = {
			isa = PBXSourcesBuildPhase;
			buildActionMask = 2147483647;
			files = (
				C015AD152AAAB99F00A791D6 /* ViperAppUITestsLaunchTests.swift in Sources */,
				C015AD132AAAB99F00A791D6 /* ViperAppUITests.swift in Sources */,
			);
			runOnlyForDeploymentPostprocessing = 0;
		};
/* End PBXSourcesBuildPhase section */

/* Begin PBXTargetDependency section */
		C015AD062AAAB99F00A791D6 /* PBXTargetDependency */ = {
			isa = PBXTargetDependency;
			target = C015ACF32AAAB99E00A791D6 /* ViperApp */;
			targetProxy = C015AD052AAAB99F00A791D6 /* PBXContainerItemProxy */;
		};
		C015AD102AAAB99F00A791D6 /* PBXTargetDependency */ = {
			isa = PBXTargetDependency;
			target = C015ACF32AAAB99E00A791D6 /* ViperApp */;
			targetProxy = C015AD0F2AAAB99F00A791D6 /* PBXContainerItemProxy */;
		};
/* End PBXTargetDependency section */

/* Begin XCBuildConfiguration section */
		C015AD162AAAB99F00A791D6 /* Debug */ = {
			isa = XCBuildConfiguration;
			buildSettings = {
				ALWAYS_SEARCH_USER_PATHS = NO;
				CLANG_ANALYZER_NONNULL = YES;
				CLANG_ANALYZER_NUMBER_OBJECT_CONVERSION = YES_AGGRESSIVE;
				CLANG_CXX_LANGUAGE_STANDARD = "gnu++20";
				CLANG_ENABLE_MODULES = YES;
				CLANG_ENABLE_OBJC_ARC = YES;
				CLANG_ENABLE_OBJC_WEAK = YES;
				CLANG_WARN_BLOCK_CAPTURE_AUTORELEASING = YES;
				CLANG_WARN_BOOL_CONVERSION = YES;
				CLANG_WARN_COMMA = YES;
				CLANG_WARN_CONSTANT_CONVERSION = YES;
				CLANG_WARN_DEPRECATED_OBJC_IMPLEMENTATIONS = YES;
				CLANG_WARN_DIRECT_OBJC_ISA_USAGE = YES_ERROR;
				CLANG_WARN_DOCUMENTATION_COMMENTS = YES;
				CLANG_WARN_EMPTY_BODY = YES;
				CLANG_WARN_ENUM_CONVERSION = YES;
				CLANG_WARN_INFINITE_RECURSION = YES;
				CLANG_WARN_INT_CONVERSION = YES;
				CLANG_WARN_NON_LITERAL_NULL_CONVERSION = YES;
				CLANG_WARN_OBJC_IMPLICIT_RETAIN_SELF = YES;
				CLANG_WARN_OBJC_LITERAL_CONVERSION = YES;
				CLANG_WARN_OBJC_ROOT_CLASS = YES_ERROR;
				CLANG_WARN_QUOTED_INCLUDE_IN_FRAMEWORK_HEADER = YES;
				CLANG_WARN_RANGE_LOOP_ANALYSIS = YES;
				CLANG_WARN_STRICT_PROTOTYPES = YES;
				CLANG_WARN_SUSPICIOUS_MOVE = YES;
				CLANG_WARN_UNGUARDED_AVAILABILITY = YES_AGGRESSIVE;
				CLANG_WARN_UNREACHABLE_CODE = YES;
				CLANG_WARN__DUPLICATE_METHOD_MATCH = YES;
				COPY_PHASE_STRIP = NO;
				DEBUG_INFORMATION_FORMAT = dwarf;
				ENABLE_STRICT_OBJC_MSGSEND = YES;
				ENABLE_TESTABILITY = YES;
				GCC_C_LANGUAGE_STANDARD = gnu11;
				GCC_DYNAMIC_NO_PIC = NO;
				GCC_NO_COMMON_BLOCKS = YES;
				GCC_OPTIMIZATION_LEVEL = 0;
				GCC_PREPROCESSOR_DEFINITIONS = (
					"DEBUG=1",
					"$(inherited)",
				);
				GCC_WARN_64_TO_32_BIT_CONVERSION = YES;
				GCC_WARN_ABOUT_RETURN_TYPE = YES_ERROR;
				GCC_WARN_UNDECLARED_SELECTOR = YES;
				GCC_WARN_UNINITIALIZED_AUTOS = YES_AGGRESSIVE;
				GCC_WARN_UNUSED_FUNCTION = YES;
				GCC_WARN_UNUSED_VARIABLE = YES;
				IPHONEOS_DEPLOYMENT_TARGET = 16.4;
				MTL_ENABLE_DEBUG_INFO = INCLUDE_SOURCE;
				MTL_FAST_MATH = YES;
				ONLY_ACTIVE_ARCH = YES;
				SDKROOT = iphoneos;
				SWIFT_ACTIVE_COMPILATION_CONDITIONS = DEBUG;
				SWIFT_OPTIMIZATION_LEVEL = "-Onone";
			};
			name = Debug;
		};
		C015AD172AAAB99F00A791D6 /* Release */ = {
			isa = XCBuildConfiguration;
			buildSettings = {
				ALWAYS_SEARCH_USER_PATHS = NO;
				CLANG_ANALYZER_NONNULL = YES;
				CLANG_ANALYZER_NUMBER_OBJECT_CONVERSION = YES_AGGRESSIVE;
				CLANG_CXX_LANGUAGE_STANDARD = "gnu++20";
				CLANG_ENABLE_MODULES = YES;
				CLANG_ENABLE_OBJC_ARC = YES;
				CLANG_ENABLE_OBJC_WEAK = YES;
				CLANG_WARN_BLOCK_CAPTURE_AUTORELEASING = YES;
				CLANG_WARN_BOOL_CONVERSION = YES;
				CLANG_WARN_COMMA = YES;
				CLANG_WARN_CONSTANT_CONVERSION = YES;
				CLANG_WARN_DEPRECATED_OBJC_IMPLEMENTATIONS = YES;
				CLANG_WARN_DIRECT_OBJC_ISA_USAGE = YES_ERROR;
				CLANG_WARN_DOCUMENTATION_COMMENTS = YES;
				CLANG_WARN_EMPTY_BODY = YES;
				CLANG_WARN_ENUM_CONVERSION = YES;
				CLANG_WARN_INFINITE_RECURSION = YES;
				CLANG_WARN_INT_CONVERSION = YES;
				CLANG_WARN_NON_LITERAL_NULL_CONVERSION = YES;
				CLANG_WARN_OBJC_IMPLICIT_RETAIN_SELF = YES;
				CLANG_WARN_OBJC_LITERAL_CONVERSION = YES;
				CLANG_WARN_OBJC_ROOT_CLASS = YES_ERROR;
				CLANG_WARN_QUOTED_INCLUDE_IN_FRAMEWORK_HEADER = YES;
				CLANG_WARN_RANGE_LOOP_ANALYSIS = YES;
				CLANG_WARN_STRICT_PROTOTYPES = YES;
				CLANG_WARN_SUSPICIOUS_MOVE = YES;
				CLANG_WARN_UNGUARDED_AVAILABILITY = YES_AGGRESSIVE;
				CLANG_WARN_UNREACHABLE_CODE = YES;
				CLANG_WARN__DUPLICATE_METHOD_MATCH = YES;
				COPY_PHASE_STRIP = NO;
				DEBUG_INFORMATION_FORMAT = "dwarf-with-dsym";
				ENABLE_NS_ASSERTIONS = NO;
				ENABLE_STRICT_OBJC_MSGSEND = YES;
				GCC_C_LANGUAGE_STANDARD = gnu11;
				GCC_NO_COMMON_BLOCKS = YES;
				GCC_WARN_64_TO_32_BIT_CONVERSION = YES;
				GCC_WARN_ABOUT_RETURN_TYPE = YES_ERROR;
				GCC_WARN_UNDECLARED_SELECTOR = YES;
				GCC_WARN_UNINITIALIZED_AUTOS = YES_AGGRESSIVE;
				GCC_WARN_UNUSED_FUNCTION = YES;
				GCC_WARN_UNUSED_VARIABLE = YES;
				IPHONEOS_DEPLOYMENT_TARGET = 16.4;
				MTL_ENABLE_DEBUG_INFO = NO;
				MTL_FAST_MATH = YES;
				SDKROOT = iphoneos;
				SWIFT_COMPILATION_MODE = wholemodule;
				SWIFT_OPTIMIZATION_LEVEL = "-O";
				VALIDATE_PRODUCT = YES;
			};
			name = Release;
		};
		C015AD192AAAB99F00A791D6 /* Debug */ = {
			isa = XCBuildConfiguration;
			buildSettings = {
				ASSETCATALOG_COMPILER_APPICON_NAME = AppIcon;
				ASSETCATALOG_COMPILER_GLOBAL_ACCENT_COLOR_NAME = AccentColor;
				CODE_SIGN_STYLE = Automatic;
				CURRENT_PROJECT_VERSION = 1;
				DEVELOPMENT_ASSET_PATHS = "\"ViperApp/Preview Content\"";
				DEVELOPMENT_TEAM = UMFC9Q5AK9;
				ENABLE_PREVIEWS = YES;
				GENERATE_INFOPLIST_FILE = YES;
				INFOPLIST_KEY_UIApplicationSceneManifest_Generation = YES;
				INFOPLIST_KEY_UIApplicationSupportsIndirectInputEvents = YES;
				INFOPLIST_KEY_UILaunchScreen_Generation = YES;
				INFOPLIST_KEY_UISupportedInterfaceOrientations_iPad = "UIInterfaceOrientationPortrait UIInterfaceOrientationPortraitUpsideDown UIInterfaceOrientationLandscapeLeft UIInterfaceOrientationLandscapeRight";
				INFOPLIST_KEY_UISupportedInterfaceOrientations_iPhone = "UIInterfaceOrientationPortrait UIInterfaceOrientationLandscapeLeft UIInterfaceOrientationLandscapeRight";
				LD_RUNPATH_SEARCH_PATHS = (
					"$(inherited)",
					"@executable_path/Frameworks",
				);
				MARKETING_VERSION = 1.0;
				PRODUCT_BUNDLE_IDENTIFIER = jesus.ViperApp;
				PRODUCT_NAME = "$(TARGET_NAME)";
				SWIFT_EMIT_LOC_STRINGS = YES;
				SWIFT_VERSION = 5.0;
				TARGETED_DEVICE_FAMILY = "1,2";
			};
			name = Debug;
		};
		C015AD1A2AAAB99F00A791D6 /* Release */ = {
			isa = XCBuildConfiguration;
			buildSettings = {
				ASSETCATALOG_COMPILER_APPICON_NAME = AppIcon;
				ASSETCATALOG_COMPILER_GLOBAL_ACCENT_COLOR_NAME = AccentColor;
				CODE_SIGN_STYLE = Automatic;
				CURRENT_PROJECT_VERSION = 1;
				DEVELOPMENT_ASSET_PATHS = "\"ViperApp/Preview Content\"";
				DEVELOPMENT_TEAM = UMFC9Q5AK9;
				ENABLE_PREVIEWS = YES;
				GENERATE_INFOPLIST_FILE = YES;
				INFOPLIST_KEY_UIApplicationSceneManifest_Generation = YES;
				INFOPLIST_KEY_UIApplicationSupportsIndirectInputEvents = YES;
				INFOPLIST_KEY_UILaunchScreen_Generation = YES;
				INFOPLIST_KEY_UISupportedInterfaceOrientations_iPad = "UIInterfaceOrientationPortrait UIInterfaceOrientationPortraitUpsideDown UIInterfaceOrientationLandscapeLeft UIInterfaceOrientationLandscapeRight";
				INFOPLIST_KEY_UISupportedInterfaceOrientations_iPhone = "UIInterfaceOrientationPortrait UIInterfaceOrientationLandscapeLeft UIInterfaceOrientationLandscapeRight";
				LD_RUNPATH_SEARCH_PATHS = (
					"$(inherited)",
					"@executable_path/Frameworks",
				);
				MARKETING_VERSION = 1.0;
				PRODUCT_BUNDLE_IDENTIFIER = jesus.ViperApp;
				PRODUCT_NAME = "$(TARGET_NAME)";
				SWIFT_EMIT_LOC_STRINGS = YES;
				SWIFT_VERSION = 5.0;
				TARGETED_DEVICE_FAMILY = "1,2";
			};
			name = Release;
		};
		C015AD1C2AAAB99F00A791D6 /* Debug */ = {
			isa = XCBuildConfiguration;
			buildSettings = {
				ALWAYS_EMBED_SWIFT_STANDARD_LIBRARIES = YES;
				BUNDLE_LOADER = "$(TEST_HOST)";
				CODE_SIGN_STYLE = Automatic;
				CURRENT_PROJECT_VERSION = 1;
				DEVELOPMENT_TEAM = UMFC9Q5AK9;
				GENERATE_INFOPLIST_FILE = YES;
				IPHONEOS_DEPLOYMENT_TARGET = 16.4;
				MARKETING_VERSION = 1.0;
				PRODUCT_BUNDLE_IDENTIFIER = jesus.ViperAppTests;
				PRODUCT_NAME = "$(TARGET_NAME)";
				SWIFT_EMIT_LOC_STRINGS = NO;
				SWIFT_VERSION = 5.0;
				TARGETED_DEVICE_FAMILY = "1,2";
				TEST_HOST = "$(BUILT_PRODUCTS_DIR)/ViperApp.app/$(BUNDLE_EXECUTABLE_FOLDER_PATH)/ViperApp";
			};
			name = Debug;
		};
		C015AD1D2AAAB99F00A791D6 /* Release */ = {
			isa = XCBuildConfiguration;
			buildSettings = {
				ALWAYS_EMBED_SWIFT_STANDARD_LIBRARIES = YES;
				BUNDLE_LOADER = "$(TEST_HOST)";
				CODE_SIGN_STYLE = Automatic;
				CURRENT_PROJECT_VERSION = 1;
				DEVELOPMENT_TEAM = UMFC9Q5AK9;
				GENERATE_INFOPLIST_FILE = YES;
				IPHONEOS_DEPLOYMENT_TARGET = 16.4;
				MARKETING_VERSION = 1.0;
				PRODUCT_BUNDLE_IDENTIFIER = jesus.ViperAppTests;
				PRODUCT_NAME = "$(TARGET_NAME)";
				SWIFT_EMIT_LOC_STRINGS = NO;
				SWIFT_VERSION = 5.0;
				TARGETED_DEVICE_FAMILY = "1,2";
				TEST_HOST = "$(BUILT_PRODUCTS_DIR)/ViperApp.app/$(BUNDLE_EXECUTABLE_FOLDER_PATH)/ViperApp";
			};
			name = Release;
		};
		C015AD1F2AAAB99F00A791D6 /* Debug */ = {
			isa = XCBuildConfiguration;
			buildSettings = {
				ALWAYS_EMBED_SWIFT_STANDARD_LIBRARIES = YES;
				CODE_SIGN_STYLE = Automatic;
				CURRENT_PROJECT_VERSION = 1;
				DEVELOPMENT_TEAM = UMFC9Q5AK9;
				GENERATE_INFOPLIST_FILE = YES;
				MARKETING_VERSION = 1.0;
				PRODUCT_BUNDLE_IDENTIFIER = jesus.ViperAppUITests;
				PRODUCT_NAME = "$(TARGET_NAME)";
				SWIFT_EMIT_LOC_STRINGS = NO;
				SWIFT_VERSION = 5.0;
				TARGETED_DEVICE_FAMILY = "1,2";
				TEST_TARGET_NAME = ViperApp;
			};
			name = Debug;
		};
		C015AD202AAAB99F00A791D6 /* Release */ = {
			isa = XCBuildConfiguration;
			buildSettings = {
				ALWAYS_EMBED_SWIFT_STANDARD_LIBRARIES = YES;
				CODE_SIGN_STYLE = Automatic;
				CURRENT_PROJECT_VERSION = 1;
				DEVELOPMENT_TEAM = UMFC9Q5AK9;
				GENERATE_INFOPLIST_FILE = YES;
				MARKETING_VERSION = 1.0;
				PRODUCT_BUNDLE_IDENTIFIER = jesus.ViperAppUITests;
				PRODUCT_NAME = "$(TARGET_NAME)";
				SWIFT_EMIT_LOC_STRINGS = NO;
				SWIFT_VERSION = 5.0;
				TARGETED_DEVICE_FAMILY = "1,2";
				TEST_TARGET_NAME = ViperApp;
			};
			name = Release;
		};
/* End XCBuildConfiguration section */

/* Begin XCConfigurationList section */
		C015ACEF2AAAB99E00A791D6 /* Build configuration list for PBXProject "ViperApp" */ = {
			isa = XCConfigurationList;
			buildConfigurations = (
				C015AD162AAAB99F00A791D6 /* Debug */,
				C015AD172AAAB99F00A791D6 /* Release */,
			);
			defaultConfigurationIsVisible = 0;
			defaultConfigurationName = Release;
		};
		C015AD182AAAB99F00A791D6 /* Build configuration list for PBXNativeTarget "ViperApp" */ = {
			isa = XCConfigurationList;
			buildConfigurations = (
				C015AD192AAAB99F00A791D6 /* Debug */,
				C015AD1A2AAAB99F00A791D6 /* Release */,
			);
			defaultConfigurationIsVisible = 0;
			defaultConfigurationName = Release;
		};
		C015AD1B2AAAB99F00A791D6 /* Build configuration list for PBXNativeTarget "ViperAppTests" */ = {
			isa = XCConfigurationList;
			buildConfigurations = (
				C015AD1C2AAAB99F00A791D6 /* Debug */,
				C015AD1D2AAAB99F00A791D6 /* Release */,
			);
			defaultConfigurationIsVisible = 0;
			defaultConfigurationName = Release;
		};
		C015AD1E2AAAB99F00A791D6 /* Build configuration list for PBXNativeTarget "ViperAppUITests" */ = {
			isa = XCConfigurationList;
			buildConfigurations = (
				C015AD1F2AAAB99F00A791D6 /* Debug */,
				C015AD202AAAB99F00A791D6 /* Release */,
			);
			defaultConfigurationIsVisible = 0;
			defaultConfigurationName = Release;
		};
/* End XCConfigurationList section */
	};
	rootObject = C015ACEC2AAAB99E00A791D6 /* Project object */;
}
